
Microsoft Visual Studio Solution File, Format Version 12.00
# Visual Studio 15
VisualStudioVersion = 15.0.28307.572
MinimumVisualStudioVersion = 10.0.40219.1
Project("{2150E333-8FDC-42A3-9474-1A3956D46DE8}") = "1 - Presentation", "1 - Presentation", "{E8CED2A8-D2AD-47A5-8329-7870A8F52336}"
EndProject
Project("{2150E333-8FDC-42A3-9474-1A3956D46DE8}") = "2 - API", "2 - API", "{CE7074EA-E31B-4EF3-93BB-7EE899706503}"
EndProject
Project("{2150E333-8FDC-42A3-9474-1A3956D46DE8}") = "3 - Business", "3 - Business", "{00203487-A9A4-47AB-9C3C-0AFD4616ACE1}"
EndProject
Project("{2150E333-8FDC-42A3-9474-1A3956D46DE8}") = "4 - Domain", "4 - Domain", "{4FA599AF-C19B-4A06-8294-8C4C2AF9B0E6}"
EndProject
Project("{2150E333-8FDC-42A3-9474-1A3956D46DE8}") = "5 - Infrastructure", "5 - Infrastructure", "{8BA15E18-07A0-4680-B019-A18DB6988BE8}"
EndProject
Project("{2150E333-8FDC-42A3-9474-1A3956D46DE8}") = "6 - Tests", "6 - Tests", "{353D19DE-9C39-473C-97D3-6D0126AD441A}"
EndProject
Project("{9A19103F-16F7-4668-BE54-9A1E7A4F7556}") = "RicoCore.WebApi", "RicoCore.WebApi\RicoCore.WebApi.csproj", "{D01D19DC-5DDD-4EAC-A0F6-C1F82BEA75D2}"
EndProject
Project("{9A19103F-16F7-4668-BE54-9A1E7A4F7556}") = "RicoCore.Services", "RicoCore.Services\RicoCore.Services.csproj", "{E754C592-EDBB-4A16-ABC9-F6BA698C6DAE}"
EndProject
Project("{9A19103F-16F7-4668-BE54-9A1E7A4F7556}") = "RicoCore.Services.Dapper", "RicoCore.Services.Dapper\RicoCore.Services.Dapper.csproj", "{ECB4F326-1FC7-47C8-AB1B-EBEACE764356}"
EndProject
Project("{9A19103F-16F7-4668-BE54-9A1E7A4F7556}") = "RicoCore.Data", "RicoCore.Data\RicoCore.Data.csproj", "{BD6518CA-DC98-480E-9359-EB92DA6D72FA}"
EndProject
Project("{9A19103F-16F7-4668-BE54-9A1E7A4F7556}") = "RicoCore.Data.EF", "RicoCore.Data.EF\RicoCore.Data.EF.csproj", "{2544526A-13C4-4005-9000-05022C4C5BD3}"
EndProject
Project("{9A19103F-16F7-4668-BE54-9A1E7A4F7556}") = "RicoCore.Infrastructure", "RicoCore.Infrastructure\RicoCore.Infrastructure.csproj", "{C8BA3796-0B57-462C-91C4-F66177B14925}"
EndProject
Project("{9A19103F-16F7-4668-BE54-9A1E7A4F7556}") = "RicoCore.Utilities", "RicoCore.Utilities\RicoCore.Utilities.csproj", "{F584BA1D-1179-456E-A3AD-3720CCF49E22}"
EndProject
Project("{9A19103F-16F7-4668-BE54-9A1E7A4F7556}") = "RicoCore.WebApi.Test", "RicoCore.WebApi.Test\RicoCore.WebApi.Test.csproj", "{82BBCAAC-B1C3-4267-B5EB-2C45A51A3D4C}"
EndProject
Project("{9A19103F-16F7-4668-BE54-9A1E7A4F7556}") = "RicoCore.Services.Test", "RicoCore.Services.Test\RicoCore.Services.Test.csproj", "{9406B79D-62CA-4AC6-9C6E-888AFCAE06B1}"
EndProject
Project("{9A19103F-16F7-4668-BE54-9A1E7A4F7556}") = "RicoCore.Services.Dapper.Test", "RicoCore.Services.Dapper.Test\RicoCore.Services.Dapper.Test.csproj", "{119922E9-68D3-49EE-801B-7EF44BB30B71}"
EndProject
Project("{9A19103F-16F7-4668-BE54-9A1E7A4F7556}") = "RicoCore.Data.EF.Test", "RicoCore.Data.EF.Test\RicoCore.Data.EF.Test.csproj", "{AD8DEFF8-8DE5-448E-8B2B-6801C9851F8B}"
EndProject
Project("{9A19103F-16F7-4668-BE54-9A1E7A4F7556}") = "RicoCore.Utilities.Test", "RicoCore.Utilities.Test\RicoCore.Utilities.Test.csproj", "{CD5AD832-6863-4396-85C0-3E0A628AE874}"
EndProject
Project("{9A19103F-16F7-4668-BE54-9A1E7A4F7556}") = "RicoCore.Test", "RicoCore.Test\RicoCore.Test.csproj", "{DCB01132-CD5D-44E4-8798-67558082B086}"
EndProject
Project("{FAE04EC0-301F-11D3-BF4B-00C04F79EFBC}") = "RicoCore", "RicoCore\RicoCore.csproj", "{38561055-F29F-4C84-88B3-8ECA34C31EDA}"
EndProject
Global
	GlobalSection(SolutionConfigurationPlatforms) = preSolution
		Debug|Any CPU = Debug|Any CPU
		Release|Any CPU = Release|Any CPU
	EndGlobalSection
	GlobalSection(ProjectConfigurationPlatforms) = postSolution
		{D01D19DC-5DDD-4EAC-A0F6-C1F82BEA75D2}.Debug|Any CPU.ActiveCfg = Debug|Any CPU
		{D01D19DC-5DDD-4EAC-A0F6-C1F82BEA75D2}.Debug|Any CPU.Build.0 = Debug|Any CPU
		{D01D19DC-5DDD-4EAC-A0F6-C1F82BEA75D2}.Release|Any CPU.ActiveCfg = Release|Any CPU
		{D01D19DC-5DDD-4EAC-A0F6-C1F82BEA75D2}.Release|Any CPU.Build.0 = Release|Any CPU
		{E754C592-EDBB-4A16-ABC9-F6BA698C6DAE}.Debug|Any CPU.ActiveCfg = Debug|Any CPU
		{E754C592-EDBB-4A16-ABC9-F6BA698C6DAE}.Debug|Any CPU.Build.0 = Debug|Any CPU
		{E754C592-EDBB-4A16-ABC9-F6BA698C6DAE}.Release|Any CPU.ActiveCfg = Release|Any CPU
		{E754C592-EDBB-4A16-ABC9-F6BA698C6DAE}.Release|Any CPU.Build.0 = Release|Any CPU
		{ECB4F326-1FC7-47C8-AB1B-EBEACE764356}.Debug|Any CPU.ActiveCfg = Debug|Any CPU
		{ECB4F326-1FC7-47C8-AB1B-EBEACE764356}.Debug|Any CPU.Build.0 = Debug|Any CPU
		{ECB4F326-1FC7-47C8-AB1B-EBEACE764356}.Release|Any CPU.ActiveCfg = Release|Any CPU
		{ECB4F326-1FC7-47C8-AB1B-EBEACE764356}.Release|Any CPU.Build.0 = Release|Any CPU
		{BD6518CA-DC98-480E-9359-EB92DA6D72FA}.Debug|Any CPU.ActiveCfg = Debug|Any CPU
		{BD6518CA-DC98-480E-9359-EB92DA6D72FA}.Debug|Any CPU.Build.0 = Debug|Any CPU
		{BD6518CA-DC98-480E-9359-EB92DA6D72FA}.Release|Any CPU.ActiveCfg = Release|Any CPU
		{BD6518CA-DC98-480E-9359-EB92DA6D72FA}.Release|Any CPU.Build.0 = Release|Any CPU
		{2544526A-13C4-4005-9000-05022C4C5BD3}.Debug|Any CPU.ActiveCfg = Debug|Any CPU
		{2544526A-13C4-4005-9000-05022C4C5BD3}.Debug|Any CPU.Build.0 = Debug|Any CPU
		{2544526A-13C4-4005-9000-05022C4C5BD3}.Release|Any CPU.ActiveCfg = Release|Any CPU
		{2544526A-13C4-4005-9000-05022C4C5BD3}.Release|Any CPU.Build.0 = Release|Any CPU
		{C8BA3796-0B57-462C-91C4-F66177B14925}.Debug|Any CPU.ActiveCfg = Debug|Any CPU
		{C8BA3796-0B57-462C-91C4-F66177B14925}.Debug|Any CPU.Build.0 = Debug|Any CPU
		{C8BA3796-0B57-462C-91C4-F66177B14925}.Release|Any CPU.ActiveCfg = Release|Any CPU
		{C8BA3796-0B57-462C-91C4-F66177B14925}.Release|Any CPU.Build.0 = Release|Any CPU
		{F584BA1D-1179-456E-A3AD-3720CCF49E22}.Debug|Any CPU.ActiveCfg = Debug|Any CPU
		{F584BA1D-1179-456E-A3AD-3720CCF49E22}.Debug|Any CPU.Build.0 = Debug|Any CPU
		{F584BA1D-1179-456E-A3AD-3720CCF49E22}.Release|Any CPU.ActiveCfg = Release|Any CPU
		{F584BA1D-1179-456E-A3AD-3720CCF49E22}.Release|Any CPU.Build.0 = Release|Any CPU
		{82BBCAAC-B1C3-4267-B5EB-2C45A51A3D4C}.Debug|Any CPU.ActiveCfg = Debug|Any CPU
		{82BBCAAC-B1C3-4267-B5EB-2C45A51A3D4C}.Debug|Any CPU.Build.0 = Debug|Any CPU
		{82BBCAAC-B1C3-4267-B5EB-2C45A51A3D4C}.Release|Any CPU.ActiveCfg = Release|Any CPU
		{82BBCAAC-B1C3-4267-B5EB-2C45A51A3D4C}.Release|Any CPU.Build.0 = Release|Any CPU
		{9406B79D-62CA-4AC6-9C6E-888AFCAE06B1}.Debug|Any CPU.ActiveCfg = Debug|Any CPU
		{9406B79D-62CA-4AC6-9C6E-888AFCAE06B1}.Debug|Any CPU.Build.0 = Debug|Any CPU
		{9406B79D-62CA-4AC6-9C6E-888AFCAE06B1}.Release|Any CPU.ActiveCfg = Release|Any CPU
		{9406B79D-62CA-4AC6-9C6E-888AFCAE06B1}.Release|Any CPU.Build.0 = Release|Any CPU
		{119922E9-68D3-49EE-801B-7EF44BB30B71}.Debug|Any CPU.ActiveCfg = Debug|Any CPU
		{119922E9-68D3-49EE-801B-7EF44BB30B71}.Debug|Any CPU.Build.0 = Debug|Any CPU
		{119922E9-68D3-49EE-801B-7EF44BB30B71}.Release|Any CPU.ActiveCfg = Release|Any CPU
		{119922E9-68D3-49EE-801B-7EF44BB30B71}.Release|Any CPU.Build.0 = Release|Any CPU
		{AD8DEFF8-8DE5-448E-8B2B-6801C9851F8B}.Debug|Any CPU.ActiveCfg = Debug|Any CPU
		{AD8DEFF8-8DE5-448E-8B2B-6801C9851F8B}.Debug|Any CPU.Build.0 = Debug|Any CPU
		{AD8DEFF8-8DE5-448E-8B2B-6801C9851F8B}.Release|Any CPU.ActiveCfg = Release|Any CPU
		{AD8DEFF8-8DE5-448E-8B2B-6801C9851F8B}.Release|Any CPU.Build.0 = Release|Any CPU
		{CD5AD832-6863-4396-85C0-3E0A628AE874}.Debug|Any CPU.ActiveCfg = Debug|Any CPU
		{CD5AD832-6863-4396-85C0-3E0A628AE874}.Debug|Any CPU.Build.0 = Debug|Any CPU
		{CD5AD832-6863-4396-85C0-3E0A628AE874}.Release|Any CPU.ActiveCfg = Release|Any CPU
		{CD5AD832-6863-4396-85C0-3E0A628AE874}.Release|Any CPU.Build.0 = Release|Any CPU
		{DCB01132-CD5D-44E4-8798-67558082B086}.Debug|Any CPU.ActiveCfg = Debug|Any CPU
		{DCB01132-CD5D-44E4-8798-67558082B086}.Debug|Any CPU.Build.0 = Debug|Any CPU
		{DCB01132-CD5D-44E4-8798-67558082B086}.Release|Any CPU.ActiveCfg = Release|Any CPU
		{DCB01132-CD5D-44E4-8798-67558082B086}.Release|Any CPU.Build.0 = Release|Any CPU
		{38561055-F29F-4C84-88B3-8ECA34C31EDA}.Debug|Any CPU.ActiveCfg = Debug|Any CPU
		{38561055-F29F-4C84-88B3-8ECA34C31EDA}.Debug|Any CPU.Build.0 = Debug|Any CPU
		{38561055-F29F-4C84-88B3-8ECA34C31EDA}.Release|Any CPU.ActiveCfg = Release|Any CPU
		{38561055-F29F-4C84-88B3-8ECA34C31EDA}.Release|Any CPU.Build.0 = Release|Any CPU
	EndGlobalSection
	GlobalSection(SolutionProperties) = preSolution
		HideSolutionNode = FALSE
	EndGlobalSection
	GlobalSection(NestedProjects) = preSolution
		{D01D19DC-5DDD-4EAC-A0F6-C1F82BEA75D2} = {CE7074EA-E31B-4EF3-93BB-7EE899706503}
		{E754C592-EDBB-4A16-ABC9-F6BA698C6DAE} = {00203487-A9A4-47AB-9C3C-0AFD4616ACE1}
		{ECB4F326-1FC7-47C8-AB1B-EBEACE764356} = {00203487-A9A4-47AB-9C3C-0AFD4616ACE1}
		{BD6518CA-DC98-480E-9359-EB92DA6D72FA} = {4FA599AF-C19B-4A06-8294-8C4C2AF9B0E6}
		{2544526A-13C4-4005-9000-05022C4C5BD3} = {4FA599AF-C19B-4A06-8294-8C4C2AF9B0E6}
		{C8BA3796-0B57-462C-91C4-F66177B14925} = {8BA15E18-07A0-4680-B019-A18DB6988BE8}
		{F584BA1D-1179-456E-A3AD-3720CCF49E22} = {8BA15E18-07A0-4680-B019-A18DB6988BE8}
		{82BBCAAC-B1C3-4267-B5EB-2C45A51A3D4C} = {353D19DE-9C39-473C-97D3-6D0126AD441A}
		{9406B79D-62CA-4AC6-9C6E-888AFCAE06B1} = {353D19DE-9C39-473C-97D3-6D0126AD441A}
		{119922E9-68D3-49EE-801B-7EF44BB30B71} = {353D19DE-9C39-473C-97D3-6D0126AD441A}
		{AD8DEFF8-8DE5-448E-8B2B-6801C9851F8B} = {353D19DE-9C39-473C-97D3-6D0126AD441A}
		{CD5AD832-6863-4396-85C0-3E0A628AE874} = {353D19DE-9C39-473C-97D3-6D0126AD441A}
		{DCB01132-CD5D-44E4-8798-67558082B086} = {353D19DE-9C39-473C-97D3-6D0126AD441A}
		{38561055-F29F-4C84-88B3-8ECA34C31EDA} = {E8CED2A8-D2AD-47A5-8329-7870A8F52336}
	EndGlobalSection
	GlobalSection(ExtensibilityGlobals) = postSolution
		SolutionGuid = {A68362AD-CEEF-41C5-A8D0-593D328A2462}
	EndGlobalSection
EndGlobal
